
Microsoft Visual Studio Solution File, Format Version 12.00
# Visual Studio Version 17
VisualStudioVersion = 17.14.36717.8
MinimumVisualStudioVersion = 10.0.40219.1
Project("{FAE04EC0-301F-11D3-BF4B-00C04F79EFBC}") = "Coeo.Extensions.RestApiClient", "Coeo.Extensions.RestApiClient\Coeo.Extensions.RestApiClient.csproj", "{95D71183-30C6-4FEC-AFE0-AFBB0684DFD2}"
EndProject
Project("{FAE04EC0-301F-11D3-BF4B-00C04F79EFBC}") = "Coeo.FileSystem.Repositories.Database", "Coeo.FileSystem.Repositories.Database\Coeo.FileSystem.Repositories.Database.csproj", "{8C8573E0-764E-41E8-A251-9ECE5E89CB8E}"
EndProject
Project("{FAE04EC0-301F-11D3-BF4B-00C04F79EFBC}") = "Coeo.FileSystem.Repositories.Files", "Coeo.FileSystem.Repositories.Files\Coeo.FileSystem.Repositories.Files.csproj", "{BE9929C5-B3F3-4274-92B0-D62373B0C4F5}"
EndProject
Project("{FAE04EC0-301F-11D3-BF4B-00C04F79EFBC}") = "Coeo.Converters.Xml", "Coeo.Converters.Xml\Coeo.Converters.Xml.csproj", "{3ACD1199-ACCA-4DCA-A5BB-4D61257C52F4}"
EndProject
Project("{FAE04EC0-301F-11D3-BF4B-00C04F79EFBC}") = "Coeo.Converters.Json", "Coeo.Converters.Json\Coeo.Converters.Json.csproj", "{2B40EECD-50A9-4BA1-B5F9-FBE285F81ED3}"
EndProject
Global
	GlobalSection(SolutionConfigurationPlatforms) = preSolution
		Debug|Any CPU = Debug|Any CPU
		Release|Any CPU = Release|Any CPU
	EndGlobalSection
	GlobalSection(ProjectConfigurationPlatforms) = postSolution
		{95D71183-30C6-4FEC-AFE0-AFBB0684DFD2}.Debug|Any CPU.ActiveCfg = Debug|Any CPU
		{95D71183-30C6-4FEC-AFE0-AFBB0684DFD2}.Debug|Any CPU.Build.0 = Debug|Any CPU
		{95D71183-30C6-4FEC-AFE0-AFBB0684DFD2}.Release|Any CPU.ActiveCfg = Release|Any CPU
		{95D71183-30C6-4FEC-AFE0-AFBB0684DFD2}.Release|Any CPU.Build.0 = Release|Any CPU
		{8C8573E0-764E-41E8-A251-9ECE5E89CB8E}.Debug|Any CPU.ActiveCfg = Debug|Any CPU
		{8C8573E0-764E-41E8-A251-9ECE5E89CB8E}.Debug|Any CPU.Build.0 = Debug|Any CPU
		{8C8573E0-764E-41E8-A251-9ECE5E89CB8E}.Release|Any CPU.ActiveCfg = Release|Any CPU
		{8C8573E0-764E-41E8-A251-9ECE5E89CB8E}.Release|Any CPU.Build.0 = Release|Any CPU
		{BE9929C5-B3F3-4274-92B0-D62373B0C4F5}.Debug|Any CPU.ActiveCfg = Debug|Any CPU
		{BE9929C5-B3F3-4274-92B0-D62373B0C4F5}.Debug|Any CPU.Build.0 = Debug|Any CPU
		{BE9929C5-B3F3-4274-92B0-D62373B0C4F5}.Release|Any CPU.ActiveCfg = Release|Any CPU
		{BE9929C5-B3F3-4274-92B0-D62373B0C4F5}.Release|Any CPU.Build.0 = Release|Any CPU
		{3ACD1199-ACCA-4DCA-A5BB-4D61257C52F4}.Debug|Any CPU.ActiveCfg = Debug|Any CPU
		{3ACD1199-ACCA-4DCA-A5BB-4D61257C52F4}.Debug|Any CPU.Build.0 = Debug|Any CPU
		{3ACD1199-ACCA-4DCA-A5BB-4D61257C52F4}.Release|Any CPU.ActiveCfg = Release|Any CPU
		{3ACD1199-ACCA-4DCA-A5BB-4D61257C52F4}.Release|Any CPU.Build.0 = Release|Any CPU
		{2B40EECD-50A9-4BA1-B5F9-FBE285F81ED3}.Debug|Any CPU.ActiveCfg = Debug|Any CPU
		{2B40EECD-50A9-4BA1-B5F9-FBE285F81ED3}.Debug|Any CPU.Build.0 = Debug|Any CPU
		{2B40EECD-50A9-4BA1-B5F9-FBE285F81ED3}.Release|Any CPU.ActiveCfg = Release|Any CPU
		{2B40EECD-50A9-4BA1-B5F9-FBE285F81ED3}.Release|Any CPU.Build.0 = Release|Any CPU
	EndGlobalSection
	GlobalSection(SolutionProperties) = preSolution
		HideSolutionNode = FALSE
	EndGlobalSection
	GlobalSection(ExtensibilityGlobals) = postSolution
		SolutionGuid = {C1DDE92D-4CA0-49AF-A538-25E541AF2DC0}
	EndGlobalSection
EndGlobal
